
Microsoft Visual Studio Solution File, Format Version 12.00
# Visual Studio Version 17
VisualStudioVersion = 17.0.31903.59
MinimumVisualStudioVersion = 10.0.40219.1
Project("{2150E333-8FDC-42A3-9474-1A3956D46DE8}") = "src", "src", "{952897C3-7605-4EC4-BAFB-5DD7DEB4D934}"
EndProject
Project("{FAE04EC0-301F-11D3-BF4B-00C04F79EFBC}") = "ProQuote.Build", "src\ProQuote.Build\ProQuote.Build.csproj", "{BAAC53D7-A9C9-42C9-AAAA-C6E5BAE0A6DC}"
EndProject
Project("{FAE04EC0-301F-11D3-BF4B-00C04F79EFBC}") = "ProQuote.Core", "src\ProQuote.Core\ProQuote.Core.csproj", "{5B2C6000-4705-4E19-9C08-FFC33FF27A4C}"
EndProject
Project("{FAE04EC0-301F-11D3-BF4B-00C04F79EFBC}") = "ProQuote.Database", "src\ProQuote.Database\ProQuote.Database.csproj", "{4557D249-15F8-4756-947D-720ED4881E11}"
EndProject
Project("{FAE04EC0-301F-11D3-BF4B-00C04F79EFBC}") = "ProQuote.Backend", "src\ProQuote.Backend\ProQuote.Backend.csproj", "{D27234A6-740F-49FF-9AD2-476F34932205}"
EndProject
Project("{FAE04EC0-301F-11D3-BF4B-00C04F79EFBC}") = "ProQuote.Front", "src\ProQuote.Front\ProQuote.Front.csproj", "{EBABFE85-7BC4-4B26-85EC-221B4F395F6A}"
EndProject
Project("{FAE04EC0-301F-11D3-BF4B-00C04F79EFBC}") = "ProQuote.Automation", "src\ProQuote.Automation\ProQuote.Automation.csproj", "{20EEDC4D-4A12-48E1-BAC3-54ACE6BF253D}"
EndProject
Project("{FAE04EC0-301F-11D3-BF4B-00C04F79EFBC}") = "ProQuote.Plugins", "src\ProQuote.Plugins\ProQuote.Plugins.csproj", "{512D0389-DBCC-4910-841C-FEEA8CADECA4}"
EndProject
Project("{FAE04EC0-301F-11D3-BF4B-00C04F79EFBC}") = "ProQuote.Integrations", "src\ProQuote.Integrations\ProQuote.Integrations.csproj", "{BEF41E73-B467-4DE6-93AE-DC9C79DF18DC}"
EndProject
Project("{2150E333-8FDC-42A3-9474-1A3956D46DE8}") = "tests", "tests", "{431539EC-25B2-4253-96E6-52477F89E20D}"
EndProject
Project("{FAE04EC0-301F-11D3-BF4B-00C04F79EFBC}") = "ProQuote.Core.Tests", "tests\ProQuote.Core.Tests\ProQuote.Core.Tests.csproj", "{B9012004-50E5-4ADF-990E-4FF0F061966A}"
EndProject
Project("{FAE04EC0-301F-11D3-BF4B-00C04F79EFBC}") = "ProQuote.Backend.Tests", "tests\ProQuote.Backend.Tests\ProQuote.Backend.Tests.csproj", "{8EAA86E6-5A46-4FFA-921B-3D3D915899FF}"
EndProject
Project("{FAE04EC0-301F-11D3-BF4B-00C04F79EFBC}") = "ProQuote.Automation.Tests", "tests\ProQuote.Automation.Tests\ProQuote.Automation.Tests.csproj", "{912EBA6D-5732-435A-99AF-1BCAEE7575E9}"
EndProject
Project("{FAE04EC0-301F-11D3-BF4B-00C04F79EFBC}") = "ProQuote.Front.Tests", "tests\ProQuote.Front.Tests\ProQuote.Front.Tests.csproj", "{51824545-1339-4FA1-9260-A66CFEDA2AE2}"
EndProject
Global
	GlobalSection(SolutionConfigurationPlatforms) = preSolution
		Debug|Any CPU = Debug|Any CPU
		Release|Any CPU = Release|Any CPU
	EndGlobalSection
	GlobalSection(SolutionProperties) = preSolution
		HideSolutionNode = FALSE
	EndGlobalSection
	GlobalSection(ProjectConfigurationPlatforms) = postSolution
		{BAAC53D7-A9C9-42C9-AAAA-C6E5BAE0A6DC}.Debug|Any CPU.ActiveCfg = Debug|Any CPU
		{BAAC53D7-A9C9-42C9-AAAA-C6E5BAE0A6DC}.Debug|Any CPU.Build.0 = Debug|Any CPU
		{BAAC53D7-A9C9-42C9-AAAA-C6E5BAE0A6DC}.Release|Any CPU.ActiveCfg = Release|Any CPU
		{BAAC53D7-A9C9-42C9-AAAA-C6E5BAE0A6DC}.Release|Any CPU.Build.0 = Release|Any CPU
		{5B2C6000-4705-4E19-9C08-FFC33FF27A4C}.Debug|Any CPU.ActiveCfg = Debug|Any CPU
		{5B2C6000-4705-4E19-9C08-FFC33FF27A4C}.Debug|Any CPU.Build.0 = Debug|Any CPU
		{5B2C6000-4705-4E19-9C08-FFC33FF27A4C}.Release|Any CPU.ActiveCfg = Release|Any CPU
		{5B2C6000-4705-4E19-9C08-FFC33FF27A4C}.Release|Any CPU.Build.0 = Release|Any CPU
		{4557D249-15F8-4756-947D-720ED4881E11}.Debug|Any CPU.ActiveCfg = Debug|Any CPU
		{4557D249-15F8-4756-947D-720ED4881E11}.Debug|Any CPU.Build.0 = Debug|Any CPU
		{4557D249-15F8-4756-947D-720ED4881E11}.Release|Any CPU.ActiveCfg = Release|Any CPU
		{4557D249-15F8-4756-947D-720ED4881E11}.Release|Any CPU.Build.0 = Release|Any CPU
		{D27234A6-740F-49FF-9AD2-476F34932205}.Debug|Any CPU.ActiveCfg = Debug|Any CPU
		{D27234A6-740F-49FF-9AD2-476F34932205}.Debug|Any CPU.Build.0 = Debug|Any CPU
		{D27234A6-740F-49FF-9AD2-476F34932205}.Release|Any CPU.ActiveCfg = Release|Any CPU
		{D27234A6-740F-49FF-9AD2-476F34932205}.Release|Any CPU.Build.0 = Release|Any CPU
		{EBABFE85-7BC4-4B26-85EC-221B4F395F6A}.Debug|Any CPU.ActiveCfg = Debug|Any CPU
		{EBABFE85-7BC4-4B26-85EC-221B4F395F6A}.Debug|Any CPU.Build.0 = Debug|Any CPU
		{EBABFE85-7BC4-4B26-85EC-221B4F395F6A}.Release|Any CPU.ActiveCfg = Release|Any CPU
		{EBABFE85-7BC4-4B26-85EC-221B4F395F6A}.Release|Any CPU.Build.0 = Release|Any CPU
		{20EEDC4D-4A12-48E1-BAC3-54ACE6BF253D}.Debug|Any CPU.ActiveCfg = Debug|Any CPU
		{20EEDC4D-4A12-48E1-BAC3-54ACE6BF253D}.Debug|Any CPU.Build.0 = Debug|Any CPU
		{20EEDC4D-4A12-48E1-BAC3-54ACE6BF253D}.Release|Any CPU.ActiveCfg = Release|Any CPU
		{20EEDC4D-4A12-48E1-BAC3-54ACE6BF253D}.Release|Any CPU.Build.0 = Release|Any CPU
		{512D0389-DBCC-4910-841C-FEEA8CADECA4}.Debug|Any CPU.ActiveCfg = Debug|Any CPU
		{512D0389-DBCC-4910-841C-FEEA8CADECA4}.Debug|Any CPU.Build.0 = Debug|Any CPU
		{512D0389-DBCC-4910-841C-FEEA8CADECA4}.Release|Any CPU.ActiveCfg = Release|Any CPU
		{512D0389-DBCC-4910-841C-FEEA8CADECA4}.Release|Any CPU.Build.0 = Release|Any CPU
		{BEF41E73-B467-4DE6-93AE-DC9C79DF18DC}.Debug|Any CPU.ActiveCfg = Debug|Any CPU
		{BEF41E73-B467-4DE6-93AE-DC9C79DF18DC}.Debug|Any CPU.Build.0 = Debug|Any CPU
		{BEF41E73-B467-4DE6-93AE-DC9C79DF18DC}.Release|Any CPU.ActiveCfg = Release|Any CPU
		{BEF41E73-B467-4DE6-93AE-DC9C79DF18DC}.Release|Any CPU.Build.0 = Release|Any CPU
		{B9012004-50E5-4ADF-990E-4FF0F061966A}.Debug|Any CPU.ActiveCfg = Debug|Any CPU
		{B9012004-50E5-4ADF-990E-4FF0F061966A}.Debug|Any CPU.Build.0 = Debug|Any CPU
		{B9012004-50E5-4ADF-990E-4FF0F061966A}.Release|Any CPU.ActiveCfg = Release|Any CPU
		{B9012004-50E5-4ADF-990E-4FF0F061966A}.Release|Any CPU.Build.0 = Release|Any CPU
		{8EAA86E6-5A46-4FFA-921B-3D3D915899FF}.Debug|Any CPU.ActiveCfg = Debug|Any CPU
		{8EAA86E6-5A46-4FFA-921B-3D3D915899FF}.Debug|Any CPU.Build.0 = Debug|Any CPU
		{8EAA86E6-5A46-4FFA-921B-3D3D915899FF}.Release|Any CPU.ActiveCfg = Release|Any CPU
		{8EAA86E6-5A46-4FFA-921B-3D3D915899FF}.Release|Any CPU.Build.0 = Release|Any CPU
		{912EBA6D-5732-435A-99AF-1BCAEE7575E9}.Debug|Any CPU.ActiveCfg = Debug|Any CPU
		{912EBA6D-5732-435A-99AF-1BCAEE7575E9}.Debug|Any CPU.Build.0 = Debug|Any CPU
		{912EBA6D-5732-435A-99AF-1BCAEE7575E9}.Release|Any CPU.ActiveCfg = Release|Any CPU
		{912EBA6D-5732-435A-99AF-1BCAEE7575E9}.Release|Any CPU.Build.0 = Release|Any CPU
		{51824545-1339-4FA1-9260-A66CFEDA2AE2}.Debug|Any CPU.ActiveCfg = Debug|Any CPU
		{51824545-1339-4FA1-9260-A66CFEDA2AE2}.Debug|Any CPU.Build.0 = Debug|Any CPU
		{51824545-1339-4FA1-9260-A66CFEDA2AE2}.Release|Any CPU.ActiveCfg = Release|Any CPU
		{51824545-1339-4FA1-9260-A66CFEDA2AE2}.Release|Any CPU.Build.0 = Release|Any CPU
	EndGlobalSection
	GlobalSection(NestedProjects) = preSolution
		{BAAC53D7-A9C9-42C9-AAAA-C6E5BAE0A6DC} = {952897C3-7605-4EC4-BAFB-5DD7DEB4D934}
		{5B2C6000-4705-4E19-9C08-FFC33FF27A4C} = {952897C3-7605-4EC4-BAFB-5DD7DEB4D934}
		{4557D249-15F8-4756-947D-720ED4881E11} = {952897C3-7605-4EC4-BAFB-5DD7DEB4D934}
		{D27234A6-740F-49FF-9AD2-476F34932205} = {952897C3-7605-4EC4-BAFB-5DD7DEB4D934}
		{EBABFE85-7BC4-4B26-85EC-221B4F395F6A} = {952897C3-7605-4EC4-BAFB-5DD7DEB4D934}
		{20EEDC4D-4A12-48E1-BAC3-54ACE6BF253D} = {952897C3-7605-4EC4-BAFB-5DD7DEB4D934}
		{512D0389-DBCC-4910-841C-FEEA8CADECA4} = {952897C3-7605-4EC4-BAFB-5DD7DEB4D934}
		{BEF41E73-B467-4DE6-93AE-DC9C79DF18DC} = {952897C3-7605-4EC4-BAFB-5DD7DEB4D934}
		{B9012004-50E5-4ADF-990E-4FF0F061966A} = {431539EC-25B2-4253-96E6-52477F89E20D}
		{8EAA86E6-5A46-4FFA-921B-3D3D915899FF} = {431539EC-25B2-4253-96E6-52477F89E20D}
		{912EBA6D-5732-435A-99AF-1BCAEE7575E9} = {431539EC-25B2-4253-96E6-52477F89E20D}
		{51824545-1339-4FA1-9260-A66CFEDA2AE2} = {431539EC-25B2-4253-96E6-52477F89E20D}
	EndGlobalSection
EndGlobal
